// !$*UTF8*$!
{
	archiveVersion = 1;
	classes = {
	};
	objectVersion = 51;
	objects = {

/* Begin PBXBuildFile section */
		6DA6476A7A3D191767BDB806 /* Pods_ChatApp.framework in Frameworks */ = {isa = PBXBuildFile; fileRef = 08AFC12A89F9C885D332DF89 /* Pods_ChatApp.framework */; };
		772A65A0246055B70081CD93 /* LoginController.swift in Sources */ = {isa = PBXBuildFile; fileRef = 772A659F246055B70081CD93 /* LoginController.swift */; };
		772A65A2246055C40081CD93 /* RegController.swift in Sources */ = {isa = PBXBuildFile; fileRef = 772A65A1246055C40081CD93 /* RegController.swift */; };
		772A65A4246058080081CD93 /* Extensions.swift in Sources */ = {isa = PBXBuildFile; fileRef = 772A65A3246058080081CD93 /* Extensions.swift */; };
		772A65A6246067AC0081CD93 /* InputContainerView.swift in Sources */ = {isa = PBXBuildFile; fileRef = 772A65A5246067AC0081CD93 /* InputContainerView.swift */; };
		772A65A824606A8E0081CD93 /* CustomTextField.swift in Sources */ = {isa = PBXBuildFile; fileRef = 772A65A724606A8E0081CD93 /* CustomTextField.swift */; };
		772A65AA24607BA70081CD93 /* LoginViewModel.swift in Sources */ = {isa = PBXBuildFile; fileRef = 772A65A924607BA70081CD93 /* LoginViewModel.swift */; };
		772A65AC246082D30081CD93 /* RegViewModel.swift in Sources */ = {isa = PBXBuildFile; fileRef = 772A65AB246082D30081CD93 /* RegViewModel.swift */; };
		772A65AF24608EF90081CD93 /* GoogleService-Info.plist in Resources */ = {isa = PBXBuildFile; fileRef = 772A65AE24608EF90081CD93 /* GoogleService-Info.plist */; };
		772A65B12460B21F0081CD93 /* AuthService.swift in Sources */ = {isa = PBXBuildFile; fileRef = 772A65B02460B21F0081CD93 /* AuthService.swift */; };
		772A65B324618C5D0081CD93 /* NewMessageController.swift in Sources */ = {isa = PBXBuildFile; fileRef = 772A65B224618C5D0081CD93 /* NewMessageController.swift */; };
		772A65B5246190FF0081CD93 /* UserCell.swift in Sources */ = {isa = PBXBuildFile; fileRef = 772A65B4246190FF0081CD93 /* UserCell.swift */; };
		772A65B72461951D0081CD93 /* User.swift in Sources */ = {isa = PBXBuildFile; fileRef = 772A65B62461951D0081CD93 /* User.swift */; };
		772A65B9246195B40081CD93 /* Service.swift in Sources */ = {isa = PBXBuildFile; fileRef = 772A65B8246195B40081CD93 /* Service.swift */; };
		772A65BB2461B26A0081CD93 /* ChatController.swift in Sources */ = {isa = PBXBuildFile; fileRef = 772A65BA2461B26A0081CD93 /* ChatController.swift */; };
		772A65BD2461C5A70081CD93 /* CustomInputAccessoryView.swift in Sources */ = {isa = PBXBuildFile; fileRef = 772A65BC2461C5A70081CD93 /* CustomInputAccessoryView.swift */; };
		772A65BF2461CE5B0081CD93 /* MessageCell.swift in Sources */ = {isa = PBXBuildFile; fileRef = 772A65BE2461CE5B0081CD93 /* MessageCell.swift */; };
		772A65C12461D7AE0081CD93 /* Message.swift in Sources */ = {isa = PBXBuildFile; fileRef = 772A65C02461D7AE0081CD93 /* Message.swift */; };
		772A65C32461DB5A0081CD93 /* MessageViewModel.swift in Sources */ = {isa = PBXBuildFile; fileRef = 772A65C22461DB5A0081CD93 /* MessageViewModel.swift */; };
		772A65C52461E98A0081CD93 /* Constants.swift in Sources */ = {isa = PBXBuildFile; fileRef = 772A65C42461E98A0081CD93 /* Constants.swift */; };
		772A65C72461FA8C0081CD93 /* ConversationCell.swift in Sources */ = {isa = PBXBuildFile; fileRef = 772A65C62461FA8C0081CD93 /* ConversationCell.swift */; };
		772A65C92461FD4D0081CD93 /* ConversationViewModel.swift in Sources */ = {isa = PBXBuildFile; fileRef = 772A65C82461FD4D0081CD93 /* ConversationViewModel.swift */; };
		7793A833245F2FFA00A5E33F /* AppDelegate.swift in Sources */ = {isa = PBXBuildFile; fileRef = 7793A832245F2FFA00A5E33F /* AppDelegate.swift */; };
		7793A835245F2FFA00A5E33F /* SceneDelegate.swift in Sources */ = {isa = PBXBuildFile; fileRef = 7793A834245F2FFA00A5E33F /* SceneDelegate.swift */; };
		7793A837245F2FFA00A5E33F /* ViewController.swift in Sources */ = {isa = PBXBuildFile; fileRef = 7793A836245F2FFA00A5E33F /* ViewController.swift */; };
		7793A83A245F2FFA00A5E33F /* Main.storyboard in Resources */ = {isa = PBXBuildFile; fileRef = 7793A838245F2FFA00A5E33F /* Main.storyboard */; };
		7793A83C245F2FFE00A5E33F /* Assets.xcassets in Resources */ = {isa = PBXBuildFile; fileRef = 7793A83B245F2FFE00A5E33F /* Assets.xcassets */; };
		7793A83F245F2FFE00A5E33F /* LaunchScreen.storyboard in Resources */ = {isa = PBXBuildFile; fileRef = 7793A83D245F2FFE00A5E33F /* LaunchScreen.storyboard */; };
		7798650E245F70C6003335B4 /* ConversationViewController.swift in Sources */ = {isa = PBXBuildFile; fileRef = 7798650D245F70C6003335B4 /* ConversationViewController.swift */; };
/* End PBXBuildFile section */

/* Begin PBXFileReference section */
		08AFC12A89F9C885D332DF89 /* Pods_ChatApp.framework */ = {isa = PBXFileReference; explicitFileType = wrapper.framework; includeInIndex = 0; path = Pods_ChatApp.framework; sourceTree = BUILT_PRODUCTS_DIR; };
		758106276600805E0A3E4B77 /* Pods-ChatApp.release.xcconfig */ = {isa = PBXFileReference; includeInIndex = 1; lastKnownFileType = text.xcconfig; name = "Pods-ChatApp.release.xcconfig"; path = "Target Support Files/Pods-ChatApp/Pods-ChatApp.release.xcconfig"; sourceTree = "<group>"; };
		772A659F246055B70081CD93 /* LoginController.swift */ = {isa = PBXFileReference; lastKnownFileType = sourcecode.swift; path = LoginController.swift; sourceTree = "<group>"; };
		772A65A1246055C40081CD93 /* RegController.swift */ = {isa = PBXFileReference; lastKnownFileType = sourcecode.swift; path = RegController.swift; sourceTree = "<group>"; };
		772A65A3246058080081CD93 /* Extensions.swift */ = {isa = PBXFileReference; fileEncoding = 4; lastKnownFileType = sourcecode.swift; name = Extensions.swift; path = ../../../../../../../Downloads/Extensions.swift; sourceTree = "<group>"; };
		772A65A5246067AC0081CD93 /* InputContainerView.swift */ = {isa = PBXFileReference; lastKnownFileType = sourcecode.swift; path = InputContainerView.swift; sourceTree = "<group>"; };
		772A65A724606A8E0081CD93 /* CustomTextField.swift */ = {isa = PBXFileReference; lastKnownFileType = sourcecode.swift; path = CustomTextField.swift; sourceTree = "<group>"; };
		772A65A924607BA70081CD93 /* LoginViewModel.swift */ = {isa = PBXFileReference; lastKnownFileType = sourcecode.swift; path = LoginViewModel.swift; sourceTree = "<group>"; };
		772A65AB246082D30081CD93 /* RegViewModel.swift */ = {isa = PBXFileReference; lastKnownFileType = sourcecode.swift; path = RegViewModel.swift; sourceTree = "<group>"; };
		772A65AE24608EF90081CD93 /* GoogleService-Info.plist */ = {isa = PBXFileReference; fileEncoding = 4; lastKnownFileType = text.plist.xml; name = "GoogleService-Info.plist"; path = "../../../../../../Downloads/GoogleService-Info.plist"; sourceTree = "<group>"; };
		772A65B02460B21F0081CD93 /* AuthService.swift */ = {isa = PBXFileReference; lastKnownFileType = sourcecode.swift; path = AuthService.swift; sourceTree = "<group>"; };
		772A65B224618C5D0081CD93 /* NewMessageController.swift */ = {isa = PBXFileReference; lastKnownFileType = sourcecode.swift; path = NewMessageController.swift; sourceTree = "<group>"; };
		772A65B4246190FF0081CD93 /* UserCell.swift */ = {isa = PBXFileReference; lastKnownFileType = sourcecode.swift; path = UserCell.swift; sourceTree = "<group>"; };
		772A65B62461951D0081CD93 /* User.swift */ = {isa = PBXFileReference; lastKnownFileType = sourcecode.swift; path = User.swift; sourceTree = "<group>"; };
		772A65B8246195B40081CD93 /* Service.swift */ = {isa = PBXFileReference; lastKnownFileType = sourcecode.swift; path = Service.swift; sourceTree = "<group>"; };
		772A65BA2461B26A0081CD93 /* ChatController.swift */ = {isa = PBXFileReference; lastKnownFileType = sourcecode.swift; path = ChatController.swift; sourceTree = "<group>"; };
		772A65BC2461C5A70081CD93 /* CustomInputAccessoryView.swift */ = {isa = PBXFileReference; lastKnownFileType = sourcecode.swift; path = CustomInputAccessoryView.swift; sourceTree = "<group>"; };
		772A65BE2461CE5B0081CD93 /* MessageCell.swift */ = {isa = PBXFileReference; lastKnownFileType = sourcecode.swift; path = MessageCell.swift; sourceTree = "<group>"; };
		772A65C02461D7AE0081CD93 /* Message.swift */ = {isa = PBXFileReference; lastKnownFileType = sourcecode.swift; path = Message.swift; sourceTree = "<group>"; };
		772A65C22461DB5A0081CD93 /* MessageViewModel.swift */ = {isa = PBXFileReference; lastKnownFileType = sourcecode.swift; path = MessageViewModel.swift; sourceTree = "<group>"; };
		772A65C42461E98A0081CD93 /* Constants.swift */ = {isa = PBXFileReference; lastKnownFileType = sourcecode.swift; path = Constants.swift; sourceTree = "<group>"; };
		772A65C62461FA8C0081CD93 /* ConversationCell.swift */ = {isa = PBXFileReference; lastKnownFileType = sourcecode.swift; path = ConversationCell.swift; sourceTree = "<group>"; };
		772A65C82461FD4D0081CD93 /* ConversationViewModel.swift */ = {isa = PBXFileReference; lastKnownFileType = sourcecode.swift; path = ConversationViewModel.swift; sourceTree = "<group>"; };
		7793A82F245F2FFA00A5E33F /* ChatApp.app */ = {isa = PBXFileReference; explicitFileType = wrapper.application; includeInIndex = 0; path = ChatApp.app; sourceTree = BUILT_PRODUCTS_DIR; };
		7793A832245F2FFA00A5E33F /* AppDelegate.swift */ = {isa = PBXFileReference; lastKnownFileType = sourcecode.swift; path = AppDelegate.swift; sourceTree = "<group>"; };
		7793A834245F2FFA00A5E33F /* SceneDelegate.swift */ = {isa = PBXFileReference; lastKnownFileType = sourcecode.swift; path = SceneDelegate.swift; sourceTree = "<group>"; };
		7793A836245F2FFA00A5E33F /* ViewController.swift */ = {isa = PBXFileReference; lastKnownFileType = sourcecode.swift; path = ViewController.swift; sourceTree = "<group>"; };
		7793A839245F2FFA00A5E33F /* Base */ = {isa = PBXFileReference; lastKnownFileType = file.storyboard; name = Base; path = Base.lproj/Main.storyboard; sourceTree = "<group>"; };
		7793A83B245F2FFE00A5E33F /* Assets.xcassets */ = {isa = PBXFileReference; lastKnownFileType = folder.assetcatalog; path = Assets.xcassets; sourceTree = "<group>"; };
		7793A83E245F2FFE00A5E33F /* Base */ = {isa = PBXFileReference; lastKnownFileType = file.storyboard; name = Base; path = Base.lproj/LaunchScreen.storyboard; sourceTree = "<group>"; };
		7793A840245F2FFE00A5E33F /* Info.plist */ = {isa = PBXFileReference; lastKnownFileType = text.plist.xml; path = Info.plist; sourceTree = "<group>"; };
		7798650D245F70C6003335B4 /* ConversationViewController.swift */ = {isa = PBXFileReference; lastKnownFileType = sourcecode.swift; path = ConversationViewController.swift; sourceTree = "<group>"; };
		B000E7776F4023C53EB948FC /* Pods-ChatApp.debug.xcconfig */ = {isa = PBXFileReference; includeInIndex = 1; lastKnownFileType = text.xcconfig; name = "Pods-ChatApp.debug.xcconfig"; path = "Target Support Files/Pods-ChatApp/Pods-ChatApp.debug.xcconfig"; sourceTree = "<group>"; };
/* End PBXFileReference section */

/* Begin PBXFrameworksBuildPhase section */
		7793A82C245F2FFA00A5E33F /* Frameworks */ = {
			isa = PBXFrameworksBuildPhase;
			buildActionMask = 2147483647;
			files = (
				6DA6476A7A3D191767BDB806 /* Pods_ChatApp.framework in Frameworks */,
			);
			runOnlyForDeploymentPostprocessing = 0;
		};
/* End PBXFrameworksBuildPhase section */

/* Begin PBXGroup section */
		4310AD9E62A40E0CC8ECAB34 /* Frameworks */ = {
			isa = PBXGroup;
			children = (
				08AFC12A89F9C885D332DF89 /* Pods_ChatApp.framework */,
			);
			name = Frameworks;
			sourceTree = "<group>";
		};
		772A659E246055A80081CD93 /* Auth */ = {
			isa = PBXGroup;
			children = (
				772A659F246055B70081CD93 /* LoginController.swift */,
				772A65A1246055C40081CD93 /* RegController.swift */,
			);
			path = Auth;
			sourceTree = "<group>";
		};
		772A65AD246082DF0081CD93 /* Auth */ = {
			isa = PBXGroup;
			children = (
				772A65A924607BA70081CD93 /* LoginViewModel.swift */,
				772A65AB246082D30081CD93 /* RegViewModel.swift */,
			);
			path = Auth;
			sourceTree = "<group>";
		};
		7793A826245F2FFA00A5E33F = {
			isa = PBXGroup;
			children = (
				7793A831245F2FFA00A5E33F /* ChatApp */,
				7793A830245F2FFA00A5E33F /* Products */,
				F0B28F7E0160DE23DCFBFF7F /* Pods */,
				4310AD9E62A40E0CC8ECAB34 /* Frameworks */,
			);
			sourceTree = "<group>";
		};
		7793A830245F2FFA00A5E33F /* Products */ = {
			isa = PBXGroup;
			children = (
				7793A82F245F2FFA00A5E33F /* ChatApp.app */,
			);
			name = Products;
			sourceTree = "<group>";
		};
		7793A831245F2FFA00A5E33F /* ChatApp */ = {
			isa = PBXGroup;
			children = (
				77986507245F7056003335B4 /* Models */,
				77986508245F705C003335B4 /* View */,
				77986509245F707F003335B4 /* ViewModel */,
				7798650A245F7086003335B4 /* Controller */,
				7798650B245F7090003335B4 /* API */,
				7798650C245F7096003335B4 /* Utils */,
				7793A832245F2FFA00A5E33F /* AppDelegate.swift */,
				7793A834245F2FFA00A5E33F /* SceneDelegate.swift */,
				7793A836245F2FFA00A5E33F /* ViewController.swift */,
				7793A838245F2FFA00A5E33F /* Main.storyboard */,
				7793A83B245F2FFE00A5E33F /* Assets.xcassets */,
				7793A83D245F2FFE00A5E33F /* LaunchScreen.storyboard */,
				7793A840245F2FFE00A5E33F /* Info.plist */,
				772A65AE24608EF90081CD93 /* GoogleService-Info.plist */,
			);
			path = ChatApp;
			sourceTree = "<group>";
		};
		77986507245F7056003335B4 /* Models */ = {
			isa = PBXGroup;
			children = (
				772A65B62461951D0081CD93 /* User.swift */,
				772A65C02461D7AE0081CD93 /* Message.swift */,
			);
			path = Models;
			sourceTree = "<group>";
		};
		77986508245F705C003335B4 /* View */ = {
			isa = PBXGroup;
			children = (
				772A65A5246067AC0081CD93 /* InputContainerView.swift */,
				772A65A724606A8E0081CD93 /* CustomTextField.swift */,
				772A65B4246190FF0081CD93 /* UserCell.swift */,
				772A65BC2461C5A70081CD93 /* CustomInputAccessoryView.swift */,
				772A65BE2461CE5B0081CD93 /* MessageCell.swift */,
				772A65C62461FA8C0081CD93 /* ConversationCell.swift */,
			);
			path = View;
			sourceTree = "<group>";
		};
		77986509245F707F003335B4 /* ViewModel */ = {
			isa = PBXGroup;
			children = (
				772A65AD246082DF0081CD93 /* Auth */,
				772A65C22461DB5A0081CD93 /* MessageViewModel.swift */,
				772A65C82461FD4D0081CD93 /* ConversationViewModel.swift */,
			);
			path = ViewModel;
			sourceTree = "<group>";
		};
		7798650A245F7086003335B4 /* Controller */ = {
			isa = PBXGroup;
			children = (
				772A659E246055A80081CD93 /* Auth */,
				7798650D245F70C6003335B4 /* ConversationViewController.swift */,
				772A65B224618C5D0081CD93 /* NewMessageController.swift */,
				772A65BA2461B26A0081CD93 /* ChatController.swift */,
			);
			path = Controller;
			sourceTree = "<group>";
		};
		7798650B245F7090003335B4 /* API */ = {
			isa = PBXGroup;
			children = (
				772A65B02460B21F0081CD93 /* AuthService.swift */,
				772A65B8246195B40081CD93 /* Service.swift */,
			);
			path = API;
			sourceTree = "<group>";
		};
		7798650C245F7096003335B4 /* Utils */ = {
			isa = PBXGroup;
			children = (
				772A65A3246058080081CD93 /* Extensions.swift */,
				772A65C42461E98A0081CD93 /* Constants.swift */,
			);
			path = Utils;
			sourceTree = "<group>";
		};
		F0B28F7E0160DE23DCFBFF7F /* Pods */ = {
			isa = PBXGroup;
			children = (
				B000E7776F4023C53EB948FC /* Pods-ChatApp.debug.xcconfig */,
				758106276600805E0A3E4B77 /* Pods-ChatApp.release.xcconfig */,
			);
			path = Pods;
			sourceTree = "<group>";
		};
/* End PBXGroup section */

/* Begin PBXNativeTarget section */
		7793A82E245F2FFA00A5E33F /* ChatApp */ = {
			isa = PBXNativeTarget;
			buildConfigurationList = 7793A843245F2FFE00A5E33F /* Build configuration list for PBXNativeTarget "ChatApp" */;
			buildPhases = (
				2EBE3F98026EE1A457581ACB /* [CP] Check Pods Manifest.lock */,
				7793A82B245F2FFA00A5E33F /* Sources */,
				7793A82C245F2FFA00A5E33F /* Frameworks */,
				7793A82D245F2FFA00A5E33F /* Resources */,
				94AC22A90A531B48A3060DD4 /* [CP] Embed Pods Frameworks */,
			);
			buildRules = (
			);
			dependencies = (
			);
			name = ChatApp;
			productName = ChatApp;
			productReference = 7793A82F245F2FFA00A5E33F /* ChatApp.app */;
			productType = "com.apple.product-type.application";
		};
/* End PBXNativeTarget section */

/* Begin PBXProject section */
		7793A827245F2FFA00A5E33F /* Project object */ = {
			isa = PBXProject;
			attributes = {
				LastSwiftUpdateCheck = 1120;
				LastUpgradeCheck = 1120;
				ORGANIZATIONNAME = "Andrey Grechko";
				TargetAttributes = {
					7793A82E245F2FFA00A5E33F = {
						CreatedOnToolsVersion = 11.2.1;
					};
				};
			};
			buildConfigurationList = 7793A82A245F2FFA00A5E33F /* Build configuration list for PBXProject "ChatApp" */;
			compatibilityVersion = "Xcode 9.3";
			developmentRegion = en;
			hasScannedForEncodings = 0;
			knownRegions = (
				en,
				Base,
			);
			mainGroup = 7793A826245F2FFA00A5E33F;
			productRefGroup = 7793A830245F2FFA00A5E33F /* Products */;
			projectDirPath = "";
			projectRoot = "";
			targets = (
				7793A82E245F2FFA00A5E33F /* ChatApp */,
			);
		};
/* End PBXProject section */

/* Begin PBXResourcesBuildPhase section */
		7793A82D245F2FFA00A5E33F /* Resources */ = {
			isa = PBXResourcesBuildPhase;
			buildActionMask = 2147483647;
			files = (
				7793A83F245F2FFE00A5E33F /* LaunchScreen.storyboard in Resources */,
				772A65AF24608EF90081CD93 /* GoogleService-Info.plist in Resources */,
				7793A83C245F2FFE00A5E33F /* Assets.xcassets in Resources */,
				7793A83A245F2FFA00A5E33F /* Main.storyboard in Resources */,
			);
			runOnlyForDeploymentPostprocessing = 0;
		};
/* End PBXResourcesBuildPhase section */

/* Begin PBXShellScriptBuildPhase section */
		2EBE3F98026EE1A457581ACB /* [CP] Check Pods Manifest.lock */ = {
			isa = PBXShellScriptBuildPhase;
			buildActionMask = 2147483647;
			files = (
			);
			inputFileListPaths = (
			);
			inputPaths = (
				"${PODS_PODFILE_DIR_PATH}/Podfile.lock",
				"${PODS_ROOT}/Manifest.lock",
			);
			name = "[CP] Check Pods Manifest.lock";
			outputFileListPaths = (
			);
			outputPaths = (
				"$(DERIVED_FILE_DIR)/Pods-ChatApp-checkManifestLockResult.txt",
			);
			runOnlyForDeploymentPostprocessing = 0;
			shellPath = /bin/sh;
			shellScript = "diff \"${PODS_PODFILE_DIR_PATH}/Podfile.lock\" \"${PODS_ROOT}/Manifest.lock\" > /dev/null\nif [ $? != 0 ] ; then\n    # print error to STDERR\n    echo \"error: The sandbox is not in sync with the Podfile.lock. Run 'pod install' or update your CocoaPods installation.\" >&2\n    exit 1\nfi\n# This output is used by Xcode 'outputs' to avoid re-running this script phase.\necho \"SUCCESS\" > \"${SCRIPT_OUTPUT_FILE_0}\"\n";
			showEnvVarsInLog = 0;
		};
		94AC22A90A531B48A3060DD4 /* [CP] Embed Pods Frameworks */ = {
			isa = PBXShellScriptBuildPhase;
			buildActionMask = 2147483647;
			files = (
			);
			inputFileListPaths = (
				"${PODS_ROOT}/Target Support Files/Pods-ChatApp/Pods-ChatApp-frameworks-${CONFIGURATION}-input-files.xcfilelist",
			);
			name = "[CP] Embed Pods Frameworks";
			outputFileListPaths = (
				"${PODS_ROOT}/Target Support Files/Pods-ChatApp/Pods-ChatApp-frameworks-${CONFIGURATION}-output-files.xcfilelist",
			);
			runOnlyForDeploymentPostprocessing = 0;
			shellPath = /bin/sh;
			shellScript = "\"${PODS_ROOT}/Target Support Files/Pods-ChatApp/Pods-ChatApp-frameworks.sh\"\n";
			showEnvVarsInLog = 0;
		};
/* End PBXShellScriptBuildPhase section */

/* Begin PBXSourcesBuildPhase section */
		7793A82B245F2FFA00A5E33F /* Sources */ = {
			isa = PBXSourcesBuildPhase;
			buildActionMask = 2147483647;
			files = (
				7793A837245F2FFA00A5E33F /* ViewController.swift in Sources */,
				772A65C52461E98A0081CD93 /* Constants.swift in Sources */,
				772A65A6246067AC0081CD93 /* InputContainerView.swift in Sources */,
				7793A833245F2FFA00A5E33F /* AppDelegate.swift in Sources */,
				772A65B12460B21F0081CD93 /* AuthService.swift in Sources */,
				772A65C32461DB5A0081CD93 /* MessageViewModel.swift in Sources */,
				772A65A2246055C40081CD93 /* RegController.swift in Sources */,
				772A65AC246082D30081CD93 /* RegViewModel.swift in Sources */,
				772A65B5246190FF0081CD93 /* UserCell.swift in Sources */,
				772A65B72461951D0081CD93 /* User.swift in Sources */,
				7798650E245F70C6003335B4 /* ConversationViewController.swift in Sources */,
				772A65B9246195B40081CD93 /* Service.swift in Sources */,
				772A65BF2461CE5B0081CD93 /* MessageCell.swift in Sources */,
				772A65C92461FD4D0081CD93 /* ConversationViewModel.swift in Sources */,
				7793A835245F2FFA00A5E33F /* SceneDelegate.swift in Sources */,
				772A65A0246055B70081CD93 /* LoginController.swift in Sources */,
				772A65A4246058080081CD93 /* Extensions.swift in Sources */,
				772A65AA24607BA70081CD93 /* LoginViewModel.swift in Sources */,
				772A65BB2461B26A0081CD93 /* ChatController.swift in Sources */,
				772A65A824606A8E0081CD93 /* CustomTextField.swift in Sources */,
				772A65C72461FA8C0081CD93 /* ConversationCell.swift in Sources */,
				772A65C12461D7AE0081CD93 /* Message.swift in Sources */,
				772A65B324618C5D0081CD93 /* NewMessageController.swift in Sources */,
				772A65BD2461C5A70081CD93 /* CustomInputAccessoryView.swift in Sources */,
			);
			runOnlyForDeploymentPostprocessing = 0;
		};
/* End PBXSourcesBuildPhase section */

/* Begin PBXVariantGroup section */
		7793A838245F2FFA00A5E33F /* Main.storyboard */ = {
			isa = PBXVariantGroup;
			children = (
				7793A839245F2FFA00A5E33F /* Base */,
			);
			name = Main.storyboard;
			sourceTree = "<group>";
		};
		7793A83D245F2FFE00A5E33F /* LaunchScreen.storyboard */ = {
			isa = PBXVariantGroup;
			children = (
				7793A83E245F2FFE00A5E33F /* Base */,
			);
			name = LaunchScreen.storyboard;
			sourceTree = "<group>";
		};
/* End PBXVariantGroup section */

/* Begin XCBuildConfiguration section */
		7793A841245F2FFE00A5E33F /* Debug */ = {
			isa = XCBuildConfiguration;
			buildSettings = {
				ALWAYS_SEARCH_USER_PATHS = NO;
				CLANG_ANALYZER_NONNULL = YES;
				CLANG_ANALYZER_NUMBER_OBJECT_CONVERSION = YES_AGGRESSIVE;
				CLANG_CXX_LANGUAGE_STANDARD = "gnu++14";
				CLANG_CXX_LIBRARY = "libc++";
				CLANG_ENABLE_MODULES = YES;
				CLANG_ENABLE_OBJC_ARC = YES;
				CLANG_ENABLE_OBJC_WEAK = YES;
				CLANG_WARN_BLOCK_CAPTURE_AUTORELEASING = YES;
				CLANG_WARN_BOOL_CONVERSION = YES;
				CLANG_WARN_COMMA = YES;
				CLANG_WARN_CONSTANT_CONVERSION = YES;
				CLANG_WARN_DEPRECATED_OBJC_IMPLEMENTATIONS = YES;
				CLANG_WARN_DIRECT_OBJC_ISA_USAGE = YES_ERROR;
				CLANG_WARN_DOCUMENTATION_COMMENTS = YES;
				CLANG_WARN_EMPTY_BODY = YES;
				CLANG_WARN_ENUM_CONVERSION = YES;
				CLANG_WARN_INFINITE_RECURSION = YES;
				CLANG_WARN_INT_CONVERSION = YES;
				CLANG_WARN_NON_LITERAL_NULL_CONVERSION = YES;
				CLANG_WARN_OBJC_IMPLICIT_RETAIN_SELF = YES;
				CLANG_WARN_OBJC_LITERAL_CONVERSION = YES;
				CLANG_WARN_OBJC_ROOT_CLASS = YES_ERROR;
				CLANG_WARN_RANGE_LOOP_ANALYSIS = YES;
				CLANG_WARN_STRICT_PROTOTYPES = YES;
				CLANG_WARN_SUSPICIOUS_MOVE = YES;
				CLANG_WARN_UNGUARDED_AVAILABILITY = YES_AGGRESSIVE;
				CLANG_WARN_UNREACHABLE_CODE = YES;
				CLANG_WARN__DUPLICATE_METHOD_MATCH = YES;
				COPY_PHASE_STRIP = NO;
				DEBUG_INFORMATION_FORMAT = dwarf;
				ENABLE_STRICT_OBJC_MSGSEND = YES;
				ENABLE_TESTABILITY = YES;
				GCC_C_LANGUAGE_STANDARD = gnu11;
				GCC_DYNAMIC_NO_PIC = NO;
				GCC_NO_COMMON_BLOCKS = YES;
				GCC_OPTIMIZATION_LEVEL = 0;
				GCC_PREPROCESSOR_DEFINITIONS = (
					"DEBUG=1",
					"$(inherited)",
				);
				GCC_WARN_64_TO_32_BIT_CONVERSION = YES;
				GCC_WARN_ABOUT_RETURN_TYPE = YES_ERROR;
				GCC_WARN_UNDECLARED_SELECTOR = YES;
				GCC_WARN_UNINITIALIZED_AUTOS = YES_AGGRESSIVE;
				GCC_WARN_UNUSED_FUNCTION = YES;
				GCC_WARN_UNUSED_VARIABLE = YES;
				IPHONEOS_DEPLOYMENT_TARGET = 13.2;
				MTL_ENABLE_DEBUG_INFO = INCLUDE_SOURCE;
				MTL_FAST_MATH = YES;
				ONLY_ACTIVE_ARCH = YES;
				SDKROOT = iphoneos;
				SWIFT_ACTIVE_COMPILATION_CONDITIONS = DEBUG;
				SWIFT_OPTIMIZATION_LEVEL = "-Onone";
			};
			name = Debug;
		};
		7793A842245F2FFE00A5E33F /* Release */ = {
			isa = XCBuildConfiguration;
			buildSettings = {
				ALWAYS_SEARCH_USER_PATHS = NO;
				CLANG_ANALYZER_NONNULL = YES;
				CLANG_ANALYZER_NUMBER_OBJECT_CONVERSION = YES_AGGRESSIVE;
				CLANG_CXX_LANGUAGE_STANDARD = "gnu++14";
				CLANG_CXX_LIBRARY = "libc++";
				CLANG_ENABLE_MODULES = YES;
				CLANG_ENABLE_OBJC_ARC = YES;
				CLANG_ENABLE_OBJC_WEAK = YES;
				CLANG_WARN_BLOCK_CAPTURE_AUTORELEASING = YES;
				CLANG_WARN_BOOL_CONVERSION = YES;
				CLANG_WARN_COMMA = YES;
				CLANG_WARN_CONSTANT_CONVERSION = YES;
				CLANG_WARN_DEPRECATED_OBJC_IMPLEMENTATIONS = YES;
				CLANG_WARN_DIRECT_OBJC_ISA_USAGE = YES_ERROR;
				CLANG_WARN_DOCUMENTATION_COMMENTS = YES;
				CLANG_WARN_EMPTY_BODY = YES;
				CLANG_WARN_ENUM_CONVERSION = YES;
				CLANG_WARN_INFINITE_RECURSION = YES;
				CLANG_WARN_INT_CONVERSION = YES;
				CLANG_WARN_NON_LITERAL_NULL_CONVERSION = YES;
				CLANG_WARN_OBJC_IMPLICIT_RETAIN_SELF = YES;
				CLANG_WARN_OBJC_LITERAL_CONVERSION = YES;
				CLANG_WARN_OBJC_ROOT_CLASS = YES_ERROR;
				CLANG_WARN_RANGE_LOOP_ANALYSIS = YES;
				CLANG_WARN_STRICT_PROTOTYPES = YES;
				CLANG_WARN_SUSPICIOUS_MOVE = YES;
				CLANG_WARN_UNGUARDED_AVAILABILITY = YES_AGGRESSIVE;
				CLANG_WARN_UNREACHABLE_CODE = YES;
				CLANG_WARN__DUPLICATE_METHOD_MATCH = YES;
				COPY_PHASE_STRIP = NO;
				DEBUG_INFORMATION_FORMAT = "dwarf-with-dsym";
				ENABLE_NS_ASSERTIONS = NO;
				ENABLE_STRICT_OBJC_MSGSEND = YES;
				GCC_C_LANGUAGE_STANDARD = gnu11;
				GCC_NO_COMMON_BLOCKS = YES;
				GCC_WARN_64_TO_32_BIT_CONVERSION = YES;
				GCC_WARN_ABOUT_RETURN_TYPE = YES_ERROR;
				GCC_WARN_UNDECLARED_SELECTOR = YES;
				GCC_WARN_UNINITIALIZED_AUTOS = YES_AGGRESSIVE;
				GCC_WARN_UNUSED_FUNCTION = YES;
				GCC_WARN_UNUSED_VARIABLE = YES;
				IPHONEOS_DEPLOYMENT_TARGET = 13.2;
				MTL_ENABLE_DEBUG_INFO = NO;
				MTL_FAST_MATH = YES;
				SDKROOT = iphoneos;
				SWIFT_COMPILATION_MODE = wholemodule;
				SWIFT_OPTIMIZATION_LEVEL = "-O";
				VALIDATE_PRODUCT = YES;
			};
			name = Release;
		};
		7793A844245F2FFE00A5E33F /* Debug */ = {
			isa = XCBuildConfiguration;
			baseConfigurationReference = B000E7776F4023C53EB948FC /* Pods-ChatApp.debug.xcconfig */;
			buildSettings = {
				ASSETCATALOG_COMPILER_APPICON_NAME = AppIcon;
				CODE_SIGN_STYLE = Automatic;
				DEVELOPMENT_TEAM = 3U5874UVBC;
				INFOPLIST_FILE = ChatApp/Info.plist;
				IPHONEOS_DEPLOYMENT_TARGET = 13.0;
				LD_RUNPATH_SEARCH_PATHS = (
					"$(inherited)",
					"@executable_path/Frameworks",
				);
				PRODUCT_BUNDLE_IDENTIFIER = Anco.ChatApp;
				PRODUCT_NAME = "$(TARGET_NAME)";
				SWIFT_VERSION = 5.0;
				TARGETED_DEVICE_FAMILY = "1,2";
			};
			name = Debug;
		};
		7793A845245F2FFE00A5E33F /* Release */ = {
			isa = XCBuildConfiguration;
			baseConfigurationReference = 758106276600805E0A3E4B77 /* Pods-ChatApp.release.xcconfig */;
			buildSettings = {
				ASSETCATALOG_COMPILER_APPICON_NAME = AppIcon;
				CODE_SIGN_STYLE = Automatic;
				DEVELOPMENT_TEAM = 3U5874UVBC;
				INFOPLIST_FILE = ChatApp/Info.plist;
				IPHONEOS_DEPLOYMENT_TARGET = 13.0;
				LD_RUNPATH_SEARCH_PATHS = (
					"$(inherited)",
					"@executable_path/Frameworks",
				);
				PRODUCT_BUNDLE_IDENTIFIER = Anco.ChatApp;
				PRODUCT_NAME = "$(TARGET_NAME)";
				SWIFT_VERSION = 5.0;
				TARGETED_DEVICE_FAMILY = "1,2";
			};
			name = Release;
		};
/* End XCBuildConfiguration section */

/* Begin XCConfigurationList section */
		7793A82A245F2FFA00A5E33F /* Build configuration list for PBXProject "ChatApp" */ = {
			isa = XCConfigurationList;
			buildConfigurations = (
				7793A841245F2FFE00A5E33F /* Debug */,
				7793A842245F2FFE00A5E33F /* Release */,
			);
			defaultConfigurationIsVisible = 0;
			defaultConfigurationName = Release;
		};
		7793A843245F2FFE00A5E33F /* Build configuration list for PBXNativeTarget "ChatApp" */ = {
			isa = XCConfigurationList;
			buildConfigurations = (
				7793A844245F2FFE00A5E33F /* Debug */,
				7793A845245F2FFE00A5E33F /* Release */,
			);
			defaultConfigurationIsVisible = 0;
			defaultConfigurationName = Release;
		};
/* End XCConfigurationList section */
	};
	rootObject = 7793A827245F2FFA00A5E33F /* Project object */;
}
